PODS:
  - ActiveLabel (1.1.0)
  - Alamofire (5.11.2)
  - AnyCodable-FlightSchool (0.6.7)
  - ASCollectionView-SwiftUI (2.1.3):
    - DifferenceKit (~> 1.1)
  - Base64 (1.1.2)
  - CocoaLumberjack (3.9.1):
    - CocoaLumberjack/Core (= 3.9.1)
  - CocoaLumberjack/Core (3.9.1)
  - CRRefresh (1.1.3)
  - DifferenceKit (1.3.0):
    - DifferenceKit/Core (= 1.3.0)
    - DifferenceKit/UIKitExtension (= 1.3.0)
  - DifferenceKit/Core (1.3.0)
  - DifferenceKit/UIKitExtension (1.3.0):
    - DifferenceKit/Core
  - FirebaseABTesting (12.14.0):
    - FirebaseCore (~> 12.14.0)
  - FirebaseAnalytics (12.14.0):
    - FirebaseAnalytics/Default (= 12.14.0)
    - FirebaseCore (~> 12.14.0)
    - FirebaseInstallations (~> 12.14.0)
    - GoogleUtilities/AppDelegateSwizzler (~> 8.1)
    - GoogleUtilities/MethodSwizzler (~> 8.1)
    - GoogleUtilities/Network (~> 8.1)
    - "GoogleUtilities/NSData+zlib (~> 8.1)"
    - nanopb (~> 3.30910.0)
  - FirebaseAnalytics/Default (12.14.0):
    - FirebaseCore (~> 12.14.0)
    - FirebaseInstallations (~> 12.14.0)
    - GoogleAppMeasurement/Default (= 12.14.0)
    - GoogleUtilities/AppDelegateSwizzler (~> 8.1)
    - GoogleUtilities/MethodSwizzler (~> 8.1)
    - GoogleUtilities/Network (~> 8.1)
    - "GoogleUtilities/NSData+zlib (~> 8.1)"
    - nanopb (~> 3.30910.0)
  - FirebaseAppCheckInterop (12.14.0)
  - FirebaseAuth (12.14.0):
    - FirebaseAppCheckInterop (~> 12.14.0)
    - FirebaseAuthInterop (~> 12.14.0)
    - FirebaseCore (~> 12.14.0)
    - FirebaseCoreExtension (~> 12.14.0)
    - GoogleUtilities/AppDelegateSwizzler (~> 8.1)
    - GoogleUtilities/Environment (~> 8.1)
    - GTMSessionFetcher/Core (< 6.0, >= 3.4)
    - RecaptchaInterop (~> 101.0)
  - FirebaseAuthInterop (12.14.0)
  - FirebaseCore (12.14.0):
    - FirebaseCoreInternal (~> 12.14.0)
    - GoogleUtilities/Environment (~> 8.1)
    - GoogleUtilities/Logger (~> 8.1)
  - FirebaseCoreExtension (12.14.0):
    - FirebaseCore (~> 12.14.0)
  - FirebaseCoreInternal (12.14.0):
    - "GoogleUtilities/NSData+zlib (~> 8.1)"
  - FirebaseCrashlytics (12.14.0):
    - FirebaseCore (~> 12.14.0)
    - FirebaseInstallations (~> 12.14.0)
    - FirebaseRemoteConfigInterop (~> 12.14.0)
    - FirebaseSessions (~> 12.14.0)
    - GoogleDataTransport (~> 10.1)
    - GoogleUtilities/Environment (~> 8.1)
    - nanopb (~> 3.30910.0)
    - PromisesObjC (~> 2.4)
  - FirebaseInstallations (12.14.0):
    - FirebaseCore (~> 12.14.0)
    - GoogleUtilities/Environment (~> 8.1)
    - GoogleUtilities/UserDefaults (~> 8.1)
    - PromisesObjC (~> 2.4)
  - FirebaseMessaging (12.14.0):
    - FirebaseCore (~> 12.14.0)
    - FirebaseInstallations (~> 12.14.0)
    - GoogleDataTransport (~> 10.1)
    - GoogleUtilities/AppDelegateSwizzler (~> 8.1)
    - GoogleUtilities/Environment (~> 8.1)
    - GoogleUtilities/Reachability (~> 8.1)
    - GoogleUtilities/UserDefaults (~> 8.1)
    - nanopb (~> 3.30910.0)
  - FirebaseRemoteConfig (12.14.0):
    - FirebaseABTesting (~> 12.14.0)
    - FirebaseCore (~> 12.14.0)
    - FirebaseInstallations (~> 12.14.0)
    - FirebaseRemoteConfigInterop (~> 12.14.0)
    - FirebaseSharedSwift (~> 12.14.0)
    - GoogleUtilities/Environment (~> 8.1)
    - "GoogleUtilities/NSData+zlib (~> 8.1)"
  - FirebaseRemoteConfigInterop (12.14.0)
  - FirebaseSessions (12.14.0):
    - FirebaseCore (~> 12.14.0)
    - FirebaseCoreExtension (~> 12.14.0)
    - FirebaseInstallations (~> 12.14.0)
    - GoogleDataTransport (~> 10.1)
    - GoogleUtilities/Environment (~> 8.1)
    - GoogleUtilities/UserDefaults (~> 8.1)
    - nanopb (~> 3.30910.0)
    - PromisesSwift (~> 2.1)
  - FirebaseSharedSwift (12.14.0)
  - FlightSDK (3.5.0)
  - FloatingPanel (3.0.0)
  - GoogleAdsOnDeviceConversion (3.6.0):
    - GoogleUtilities/Environment (~> 8.1)
    - GoogleUtilities/Logger (~> 8.1)
    - GoogleUtilities/Network (~> 8.1)
    - nanopb (~> 3.30910.0)
  - GoogleAppMeasurement/Core (12.14.0):
    - GoogleUtilities/AppDelegateSwizzler (~> 8.1)
    - GoogleUtilities/MethodSwizzler (~> 8.1)
    - GoogleUtilities/Network (~> 8.1)
    - "GoogleUtilities/NSData+zlib (~> 8.1)"
    - nanopb (~> 3.30910.0)
  - GoogleAppMeasurement/Default (12.14.0):
    - GoogleAdsOnDeviceConversion (~> 3.6.0)
    - GoogleAppMeasurement/Core (= 12.14.0)
    - GoogleAppMeasurement/IdentitySupport (= 12.14.0)
    - GoogleUtilities/AppDelegateSwizzler (~> 8.1)
    - GoogleUtilities/MethodSwizzler (~> 8.1)
    - GoogleUtilities/Network (~> 8.1)
    - "GoogleUtilities/NSData+zlib (~> 8.1)"
    - nanopb (~> 3.30910.0)
  - GoogleAppMeasurement/IdentitySupport (12.14.0):
    - GoogleAppMeasurement/Core (= 12.14.0)
    - GoogleUtilities/AppDelegateSwizzler (~> 8.1)
    - GoogleUtilities/MethodSwizzler (~> 8.1)
    - GoogleUtilities/Network (~> 8.1)
    - "GoogleUtilities/NSData+zlib (~> 8.1)"
    - nanopb (~> 3.30910.0)
  - GoogleDataTransport (10.1.0):
    - nanopb (~> 3.30910.0)
    - PromisesObjC (~> 2.4)
  - GoogleUtilities/AppDelegateSwizzler (8.1.0):
    - GoogleUtilities/Environment
    - GoogleUtilities/Logger
    - GoogleUtilities/Network
    - GoogleUtilities/Privacy
  - GoogleUtilities/Environment (8.1.0):
    - GoogleUtilities/Privacy
  - GoogleUtilities/Logger (8.1.0):
    - GoogleUtilities/Environment
    - GoogleUtilities/Privacy
  - GoogleUtilities/MethodSwizzler (8.1.0):
    - GoogleUtilities/Logger
    - GoogleUtilities/Privacy
  - GoogleUtilities/Network (8.1.0):
    - GoogleUtilities/Logger
    - "GoogleUtilities/NSData+zlib"
    - GoogleUtilities/Privacy
    - GoogleUtilities/Reachability
  - "GoogleUtilities/NSData+zlib (8.1.0)":
    - GoogleUtilities/Privacy
  - GoogleUtilities/Privacy (8.1.0)
  - GoogleUtilities/Reachability (8.1.0):
    - GoogleUtilities/Logger
    - GoogleUtilities/Privacy
  - GoogleUtilities/UserDefaults (8.1.0):
    - GoogleUtilities/Logger
    - GoogleUtilities/Privacy
  - GTMSessionFetcher/Core (5.3.0)
  - IQKeyboardCore (1.0.5)
  - IQKeyboardManagerSwift (8.0.0):
    - IQKeyboardManagerSwift/Appearance (= 8.0.0)
    - IQKeyboardManagerSwift/Core (= 8.0.0)
    - IQKeyboardManagerSwift/IQKeyboardReturnManager (= 8.0.0)
    - IQKeyboardManagerSwift/IQKeyboardToolbarManager (= 8.0.0)
    - IQKeyboardManagerSwift/IQTextView (= 8.0.0)
    - IQKeyboardManagerSwift/Resign (= 8.0.0)
  - IQKeyboardManagerSwift/Appearance (8.0.0):
    - IQKeyboardManagerSwift/Core
  - IQKeyboardManagerSwift/Core (8.0.0):
    - IQKeyboardNotification
    - IQTextInputViewNotification
  - IQKeyboardManagerSwift/IQKeyboardReturnManager (8.0.0):
    - IQKeyboardReturnManager
  - IQKeyboardManagerSwift/IQKeyboardToolbarManager (8.0.0):
    - IQKeyboardManagerSwift/Core
    - IQKeyboardToolbarManager
  - IQKeyboardManagerSwift/IQTextView (8.0.0):
    - IQTextView
  - IQKeyboardManagerSwift/Resign (8.0.0):
    - IQKeyboardManagerSwift/Core
  - IQKeyboardNotification (1.0.3)
  - IQKeyboardReturnManager (1.0.4):
    - IQKeyboardCore (= 1.0.5)
  - IQKeyboardToolbar (1.1.1):
    - IQKeyboardCore
    - IQKeyboardToolbar/Core (= 1.1.1)
  - IQKeyboardToolbar/Core (1.1.1):
    - IQKeyboardCore
    - IQKeyboardToolbar/Placeholderable
  - IQKeyboardToolbar/Placeholderable (1.1.1):
    - IQKeyboardCore
  - IQKeyboardToolbarManager (1.1.2):
    - IQKeyboardToolbar
    - IQTextInputViewNotification
  - IQTextInputViewNotification (1.0.8):
    - IQKeyboardCore
  - IQTextView (1.0.5):
    - IQKeyboardToolbar/Placeholderable
  - JTAppleCalendar (8.0.5)
  - JWT (2.2.0):
    - Base64 (~> 1.1.2)
  - Kingfisher (7.6.2)
  - libPhoneNumber-iOS (1.7.2)
  - libPhoneNumber-iOS-Swift (1.7.2):
    - libPhoneNumber-iOS-SwiftCore (~> 1.7.2)
    - libPhoneNumber-iOS-SwiftGeocoding (~> 1.7.2)
    - libPhoneNumber-iOS-SwiftShortNumber (~> 1.7.2)
  - libPhoneNumber-iOS-SwiftCore (1.7.2):
    - libPhoneNumber-iOS (~> 1.7.2)
  - libPhoneNumber-iOS-SwiftGeocoding (1.7.2):
    - libPhoneNumber-iOS-SwiftCore (~> 1.7.2)
    - libPhoneNumberGeocoding (~> 1.7.2)
  - libPhoneNumber-iOS-SwiftShortNumber (1.7.2):
    - libPhoneNumber-iOS-SwiftCore (~> 1.7.2)
    - libPhoneNumberShortNumber (~> 1.7.2)
  - libPhoneNumberGeocoding (1.7.2):
    - libPhoneNumber-iOS (~> 1.7.2)
  - libPhoneNumberShortNumber (1.7.2):
    - libPhoneNumber-iOS (~> 1.7.2)
  - lottie-ios (4.6.0)
  - MBProgressHUD (1.2.0)
  - MHLoadingButton (0.1.3)
  - nanopb (3.30910.0):
    - nanopb/decode (= 3.30910.0)
    - nanopb/encode (= 3.30910.0)
  - nanopb/decode (3.30910.0)
  - nanopb/encode (3.30910.0)
  - PanModal (1.2.7)
  - PKHUD (5.3.0)
  - PromisesObjC (2.4.0)
  - PromisesSwift (2.4.0):
    - PromisesObjC (= 2.4.0)
  - RecaptchaInterop (101.0.0)
  - SkeletonView (1.30.4)
  - Socket.IO-Client-Swift (16.1.1):
    - Starscream (~> 4.0.8)
  - Starscream (4.0.8)
  - SVGKit (3.0.0):
    - CocoaLumberjack (~> 3.0)
  - SwiftEntryKit (2.0.8)
  - SwiftKeychainWrapper (4.0.1)
  - SwiftyJSON (5.0.2)
  - XLPagerTabStrip (9.1.0)

DEPENDENCIES:
  - ActiveLabel (~> 1.1.0)
  - Alamofire (~> 5.11.2)
  - AnyCodable-FlightSchool
  - ASCollectionView-SwiftUI (from `https://github.com/sharetripnet/ASCollectionView.git`, branch `master`)
  - CRRefresh
  - FirebaseAnalytics (~> 12.14.0)
  - FirebaseAuth (~> 12.14.0)
  - FirebaseCore (~> 12.14.0)
  - FirebaseCrashlytics (~> 12.14.0)
  - FirebaseMessaging (~> 12.14.0)
  - FirebaseRemoteConfig (~> 12.14.0)
  - FlightSDK (from `../`)
  - FloatingPanel (= 3.0.0)
  - IQKeyboardManagerSwift (= 8.0.0)
  - JTAppleCalendar
  - JWT
  - Kingfisher (~> 7.6.2)
  - libPhoneNumber-iOS-Swift (~> 1.7.0)
  - lottie-ios (= 4.6.0)
  - MBProgressHUD (from `https://github.com/jdg/MBProgressHUD.git`, branch `master`)
  - MHLoadingButton
  - PanModal (from `https://github.com/sharetripnet/PanModal.git`)
  - PKHUD
  - SkeletonView (~> 1.30.4)
  - Socket.IO-Client-Swift
  - SVGKit
  - SwiftEntryKit (from `https://github.com/sharetripnet/SwiftEntryKit.git`, tag `2.0.8`)
  - SwiftKeychainWrapper
  - SwiftyJSON (~> 5.0.2)
  - XLPagerTabStrip

SPEC REPOS:
  trunk:
    - ActiveLabel
    - Alamofire
    - AnyCodable-FlightSchool
    - Base64
    - CocoaLumberjack
    - CRRefresh
    - DifferenceKit
    - FirebaseABTesting
    - FirebaseAnalytics
    - FirebaseAppCheckInterop
    - FirebaseAuth
    - FirebaseAuthInterop
    - FirebaseCore
    - FirebaseCoreExtension
    - FirebaseCoreInternal
    - FirebaseCrashlytics
    - FirebaseInstallations
    - FirebaseMessaging
    - FirebaseRemoteConfig
    - FirebaseRemoteConfigInterop
    - FirebaseSessions
    - FirebaseSharedSwift
    - FloatingPanel
    - GoogleAdsOnDeviceConversion
    - GoogleAppMeasurement
    - GoogleDataTransport
    - GoogleUtilities
    - GTMSessionFetcher
    - IQKeyboardCore
    - IQKeyboardManagerSwift
    - IQKeyboardNotification
    - IQKeyboardReturnManager
    - IQKeyboardToolbar
    - IQKeyboardToolbarManager
    - IQTextInputViewNotification
    - IQTextView
    - JTAppleCalendar
    - JWT
    - Kingfisher
    - libPhoneNumber-iOS
    - libPhoneNumber-iOS-Swift
    - libPhoneNumber-iOS-SwiftCore
    - libPhoneNumber-iOS-SwiftGeocoding
    - libPhoneNumber-iOS-SwiftShortNumber
    - libPhoneNumberGeocoding
    - libPhoneNumberShortNumber
    - lottie-ios
    - MHLoadingButton
    - nanopb
    - PKHUD
    - PromisesObjC
    - PromisesSwift
    - RecaptchaInterop
    - SkeletonView
    - Socket.IO-Client-Swift
    - Starscream
    - SVGKit
    - SwiftKeychainWrapper
    - SwiftyJSON
    - XLPagerTabStrip

EXTERNAL SOURCES:
  ASCollectionView-SwiftUI:
    :branch: master
    :git: https://github.com/sharetripnet/ASCollectionView.git
  FlightSDK:
    :path: "../"
  MBProgressHUD:
    :branch: master
    :git: https://github.com/jdg/MBProgressHUD.git
  PanModal:
    :git: https://github.com/sharetripnet/PanModal.git
  SwiftEntryKit:
    :git: https://github.com/sharetripnet/SwiftEntryKit.git
    :tag: 2.0.8

CHECKOUT OPTIONS:
  ASCollectionView-SwiftUI:
    :commit: b0184fb636a8a0315c6f44e3218399dedabf03f3
    :git: https://github.com/sharetripnet/ASCollectionView.git
  MBProgressHUD:
    :commit: 4a7c5f3e53cdea77c5dcb8578c2ee5acacdf6781
    :git: https://github.com/jdg/MBProgressHUD.git
  PanModal:
    :commit: c0ec6864ce8e0d06a6bfb99938a2f5be3896ec81
    :git: https://github.com/sharetripnet/PanModal.git
  SwiftEntryKit:
    :git: https://github.com/sharetripnet/SwiftEntryKit.git
    :tag: 2.0.8

SPEC CHECKSUMS:
  ActiveLabel: 5e3f4de79a1952d4604b845a0610d4776e4b82b3
  Alamofire: 400275dd1c6d87d95a041861d2a59da4b520a203
  AnyCodable-FlightSchool: 261cbe76757802b17d471b9059b21e6fa5edf57b
  ASCollectionView-SwiftUI: 6fa8225531bc1f794b9487bfa28d0485414e4154
  Base64: cecfb41a004124895a7bcee567a89bae5a89d49b
  CocoaLumberjack: e4ba3b414dfca8c1916c6303d37f63b3a95134c6
  CRRefresh: 1415d4ae06837fa7bb064c44f2e102f3ef517044
  DifferenceKit: ab185c4d7f9cef8af3fcf593e5b387fb81e999ca
  FirebaseABTesting: 1645e4c026dc11b2c82e717fd02d187535e65944
  FirebaseAnalytics: 99364329a3ea4d1ab4a3744b5464371b7351c481
  FirebaseAppCheckInterop: f123c0261a7b46f060e98fc2961651f1ac68f384
  FirebaseAuth: 01a77d472aec77ec008141e7d859d1b9cb8dc2cf
  FirebaseAuthInterop: 63056ef7f9602e79a8f8d756d4cb35f38e2927c3
  FirebaseCore: 4939b340b9c598dc1f965d68f8fe57e630b65407
  FirebaseCoreExtension: ee3e3697acea1062288b1900bcdcab4d59ab93b4
  FirebaseCoreInternal: 090369a5fffd7423cf88006ab4d2ccc2173a8db9
  FirebaseCrashlytics: 1fabfdca902d0706cb51bf839edb58b45db421ff
  FirebaseInstallations: 7cdc919e29dc54306edeffdbdc1eed1a40d7d1e7
  FirebaseMessaging: 4803888ce3002188f24e19faa8d2326261538426
  FirebaseRemoteConfig: 9b6476d8426c30db511733621b3e969461a99094
  FirebaseRemoteConfigInterop: 40ecdce5a4feee7643b81342f32f1cded905bb07
  FirebaseSessions: c9e7b7829265454f08cb68f7f8a6650c9b221bd4
  FirebaseSharedSwift: 7c659ebf23afdc1e60a05df72a07ad7349f5758f
  FlightSDK: dd3f4e16f04b604f5b3a4117895ba45e373ce735
  FloatingPanel: dcea37373dffc1f93a05dd0268927f8b7476e5eb
  GoogleAdsOnDeviceConversion: 80ce443fa1b4b5750913d53a04ecda644ff57744
  GoogleAppMeasurement: 1987ffa55055dfb22c52e363c31aa50c1e11d349
  GoogleDataTransport: aae35b7ea0c09004c3797d53c8c41f66f219d6a7
  GoogleUtilities: 00c88b9a86066ef77f0da2fab05f65d7768ed8e1
  GTMSessionFetcher: 127211aeec0b1e904fc49f4f6f895dcc535b0ecf
  IQKeyboardCore: 28c8bf3bcd8ba5aa1570b318cbc4da94b861711e
  IQKeyboardManagerSwift: 0c6fbbaa2e60739e48d7cf59f25661471a7a3a65
  IQKeyboardNotification: d7382c4466c5a5adef92c7452ebf861b36050088
  IQKeyboardReturnManager: 972be48528ce9e7508ab3ab15ac7efac803f17f5
  IQKeyboardToolbar: d4bdccfb78324aec2f3920659c77bb89acd33312
  IQKeyboardToolbarManager: 6f4072ac620c2572d4af8c09f42a801f3e4909f7
  IQTextInputViewNotification: f5e954d8881fd9808b744e49e024cc0d4bcfe572
  IQTextView: ae13b4922f22e6f027f62c557d9f4f236b19d5c7
  JTAppleCalendar: 16c6501b22cb27520372c28b0a2e0b12c8d0cd73
  JWT: cf73c0ab0dac762df3de8a3f1164352089d97780
  Kingfisher: 6c5449c6450c5239166510ba04afe374a98afc4f
  libPhoneNumber-iOS: c90a6d4d8b721d7e48a8a4bb763fb6d4fbf5bd21
  libPhoneNumber-iOS-Swift: eb64f0cabeca4c39f3295aa372b32fefac310b64
  libPhoneNumber-iOS-SwiftCore: a56bbe3fdb391cfb4a28822a0899079dc6406ed4
  libPhoneNumber-iOS-SwiftGeocoding: ab16baf1b90e2daa0b1b4c5f2bd7274a41ef2b58
  libPhoneNumber-iOS-SwiftShortNumber: 987034117b416ade198fb4f900e58e125466cc22
  libPhoneNumberGeocoding: a41f8cb266ba92c9575e7ba4a81081509fbad7ef
  libPhoneNumberShortNumber: 3a52d13f7b1cbe039933a724a17e2b98caa5f2f4
  lottie-ios: 8f959969761e9c45d70353667d00af0e5b9cadb3
  MBProgressHUD: 1b0fb447e80a0fda94808180750e8b78a07b3cd2
  MHLoadingButton: 13bab47a3ce9d88df15638b7a5b73a8ac9f21077
  nanopb: fad817b59e0457d11a5dfbde799381cd727c1275
  PanModal: 51448b068cc0293787064dce8e5fb0c8a6c1008d
  PKHUD: 98f3e4bc904b9c916f1c5bb6d765365b5357291b
  PromisesObjC: f5707f49cb48b9636751c5b2e7d227e43fba9f47
  PromisesSwift: 9d77319bbe72ebf6d872900551f7eeba9bce2851
  RecaptchaInterop: 11e0b637842dfb48308d242afc3f448062325aba
  SkeletonView: 5a050f6411e697abd4cda0a8d767013399dccd69
  Socket.IO-Client-Swift: 3614bea82ba005df1c2ff01154f4004993e05ad7
  Starscream: 19b5533ddb925208db698f0ac508a100b884a1b9
  SVGKit: 1ad7513f8c74d9652f94ed64ddecda1a23864dea
  SwiftEntryKit: 04364b524c894e246e0ce49460b6f63f81cabc1b
  SwiftKeychainWrapper: 807ba1d63c33a7d0613288512399cd1eda1e470c
  SwiftyJSON: f5b1bf1cd8dd53cd25887ac0eabcfd92301c6a5a
  XLPagerTabStrip: 27f3bfe23c53b4251c6481b06b1c289458a3fc1d

PODFILE CHECKSUM: d46fa3bbeffc17b727d9f7d70ff5fff5a8c7ac1c

COCOAPODS: 1.16.2
